
Microsoft Visual Studio Solution File, Format Version 12.00
# Visual Studio 15
VisualStudioVersion = 15.0.27004.2008
MinimumVisualStudioVersion = 10.0.40219.1
Project("{8BC9CEB8-8B4A-11D0-8D11-00A0C91BC942}") = "Problem of Lights out", "Problem of Lights out\Problem of Lights out.vcxproj", "{B51AD90D-6A0B-43C1-A8A7-665376985373}"
EndProject
Global
	GlobalSection(SolutionConfigurationPlatforms) = preSolution
		Debug|x64 = Debug|x64
		Debug|x86 = Debug|x86
		Release|x64 = Release|x64
		Release|x86 = Release|x86
	EndGlobalSection
	GlobalSection(ProjectConfigurationPlatforms) = postSolution
		{B51AD90D-6A0B-43C1-A8A7-665376985373}.Debug|x64.ActiveCfg = Debug|x64
		{B51AD90D-6A0B-43C1-A8A7-665376985373}.Debug|x64.Build.0 = Debug|x64
		{B51AD90D-6A0B-43C1-A8A7-665376985373}.Debug|x86.ActiveCfg = Debug|Win32
		{B51AD90D-6A0B-43C1-A8A7-665376985373}.Debug|x86.Build.0 = Debug|Win32
		{B51AD90D-6A0B-43C1-A8A7-665376985373}.Release|x64.ActiveCfg = Release|x64
		{B51AD90D-6A0B-43C1-A8A7-665376985373}.Release|x64.Build.0 = Release|x64
		{B51AD90D-6A0B-43C1-A8A7-665376985373}.Release|x86.ActiveCfg = Release|Win32
		{B51AD90D-6A0B-43C1-A8A7-665376985373}.Release|x86.Build.0 = Release|Win32
	EndGlobalSection
	GlobalSection(SolutionProperties) = preSolution
		HideSolutionNode = FALSE
	EndGlobalSection
	GlobalSection(ExtensibilityGlobals) = postSolution
		SolutionGuid = {173EB970-F78F-431B-8CBA-EA27E76B339C}
	EndGlobalSection
EndGlobal
