
Microsoft Visual Studio Solution File, Format Version 12.00
# Visual Studio 15
VisualStudioVersion = 15.0.27004.2008
MinimumVisualStudioVersion = 10.0.40219.1
Project("{8BC9CEB8-8B4A-11D0-8D11-00A0C91BC942}") = "Travel Way", "Travel Way\Travel Way.vcxproj", "{B531C802-2D43-4ACA-8BCD-77A9F5223695}"
EndProject
Global
	GlobalSection(SolutionConfigurationPlatforms) = preSolution
		Debug|x64 = Debug|x64
		Debug|x86 = Debug|x86
		Release|x64 = Release|x64
		Release|x86 = Release|x86
	EndGlobalSection
	GlobalSection(ProjectConfigurationPlatforms) = postSolution
		{B531C802-2D43-4ACA-8BCD-77A9F5223695}.Debug|x64.ActiveCfg = Debug|x64
		{B531C802-2D43-4ACA-8BCD-77A9F5223695}.Debug|x64.Build.0 = Debug|x64
		{B531C802-2D43-4ACA-8BCD-77A9F5223695}.Debug|x86.ActiveCfg = Debug|Win32
		{B531C802-2D43-4ACA-8BCD-77A9F5223695}.Debug|x86.Build.0 = Debug|Win32
		{B531C802-2D43-4ACA-8BCD-77A9F5223695}.Release|x64.ActiveCfg = Release|x64
		{B531C802-2D43-4ACA-8BCD-77A9F5223695}.Release|x64.Build.0 = Release|x64
		{B531C802-2D43-4ACA-8BCD-77A9F5223695}.Release|x86.ActiveCfg = Release|Win32
		{B531C802-2D43-4ACA-8BCD-77A9F5223695}.Release|x86.Build.0 = Release|Win32
	EndGlobalSection
	GlobalSection(SolutionProperties) = preSolution
		HideSolutionNode = FALSE
	EndGlobalSection
	GlobalSection(ExtensibilityGlobals) = postSolution
		SolutionGuid = {EA7EB2C1-DC47-42D5-A0FF-C2ED21D5B482}
	EndGlobalSection
EndGlobal
