
Microsoft Visual Studio Solution File, Format Version 12.00
# Visual Studio 15
VisualStudioVersion = 15.0.27004.2008
MinimumVisualStudioVersion = 10.0.40219.1
Project("{8BC9CEB8-8B4A-11D0-8D11-00A0C91BC942}") = "Game", "Game\Game.vcxproj", "{C25D5E0A-A8B9-4A1E-B717-A9166794676F}"
EndProject
Global
	GlobalSection(SolutionConfigurationPlatforms) = preSolution
		Debug|x64 = Debug|x64
		Debug|x86 = Debug|x86
		Release|x64 = Release|x64
		Release|x86 = Release|x86
	EndGlobalSection
	GlobalSection(ProjectConfigurationPlatforms) = postSolution
		{C25D5E0A-A8B9-4A1E-B717-A9166794676F}.Debug|x64.ActiveCfg = Debug|x64
		{C25D5E0A-A8B9-4A1E-B717-A9166794676F}.Debug|x64.Build.0 = Debug|x64
		{C25D5E0A-A8B9-4A1E-B717-A9166794676F}.Debug|x86.ActiveCfg = Debug|Win32
		{C25D5E0A-A8B9-4A1E-B717-A9166794676F}.Debug|x86.Build.0 = Debug|Win32
		{C25D5E0A-A8B9-4A1E-B717-A9166794676F}.Release|x64.ActiveCfg = Release|x64
		{C25D5E0A-A8B9-4A1E-B717-A9166794676F}.Release|x64.Build.0 = Release|x64
		{C25D5E0A-A8B9-4A1E-B717-A9166794676F}.Release|x86.ActiveCfg = Release|Win32
		{C25D5E0A-A8B9-4A1E-B717-A9166794676F}.Release|x86.Build.0 = Release|Win32
	EndGlobalSection
	GlobalSection(SolutionProperties) = preSolution
		HideSolutionNode = FALSE
	EndGlobalSection
	GlobalSection(ExtensibilityGlobals) = postSolution
		SolutionGuid = {9D84DF9A-60BD-45A2-BBED-E6675AB5B5DD}
	EndGlobalSection
EndGlobal
