
Microsoft Visual Studio Solution File, Format Version 12.00
# Visual Studio 15
VisualStudioVersion = 15.0.27004.2008
MinimumVisualStudioVersion = 10.0.40219.1
Project("{8BC9CEB8-8B4A-11D0-8D11-00A0C91BC942}") = "Reverse Polish Notation", "Reverse Polish Notation\Reverse Polish Notation.vcxproj", "{8DF221B0-B6DB-4A73-96B6-5CA257722275}"
EndProject
Global
	GlobalSection(SolutionConfigurationPlatforms) = preSolution
		Debug|x64 = Debug|x64
		Debug|x86 = Debug|x86
		Release|x64 = Release|x64
		Release|x86 = Release|x86
	EndGlobalSection
	GlobalSection(ProjectConfigurationPlatforms) = postSolution
		{8DF221B0-B6DB-4A73-96B6-5CA257722275}.Debug|x64.ActiveCfg = Debug|x64
		{8DF221B0-B6DB-4A73-96B6-5CA257722275}.Debug|x64.Build.0 = Debug|x64
		{8DF221B0-B6DB-4A73-96B6-5CA257722275}.Debug|x86.ActiveCfg = Debug|Win32
		{8DF221B0-B6DB-4A73-96B6-5CA257722275}.Debug|x86.Build.0 = Debug|Win32
		{8DF221B0-B6DB-4A73-96B6-5CA257722275}.Release|x64.ActiveCfg = Release|x64
		{8DF221B0-B6DB-4A73-96B6-5CA257722275}.Release|x64.Build.0 = Release|x64
		{8DF221B0-B6DB-4A73-96B6-5CA257722275}.Release|x86.ActiveCfg = Release|Win32
		{8DF221B0-B6DB-4A73-96B6-5CA257722275}.Release|x86.Build.0 = Release|Win32
	EndGlobalSection
	GlobalSection(SolutionProperties) = preSolution
		HideSolutionNode = FALSE
	EndGlobalSection
	GlobalSection(ExtensibilityGlobals) = postSolution
		SolutionGuid = {4AF4C270-AA8A-4C18-90CB-E7974D030CEE}
	EndGlobalSection
EndGlobal
