
Microsoft Visual Studio Solution File, Format Version 12.00
# Visual Studio 15
VisualStudioVersion = 15.0.27004.2008
MinimumVisualStudioVersion = 10.0.40219.1
Project("{8BC9CEB8-8B4A-11D0-8D11-00A0C91BC942}") = "Santa Claus‘s Gifts", "Santa Claus‘s Gifts\Santa Claus‘s Gifts.vcxproj", "{BECBBD7C-D1C0-4225-8FCC-768AF9579DC9}"
EndProject
Global
	GlobalSection(SolutionConfigurationPlatforms) = preSolution
		Debug|x64 = Debug|x64
		Debug|x86 = Debug|x86
		Release|x64 = Release|x64
		Release|x86 = Release|x86
	EndGlobalSection
	GlobalSection(ProjectConfigurationPlatforms) = postSolution
		{BECBBD7C-D1C0-4225-8FCC-768AF9579DC9}.Debug|x64.ActiveCfg = Debug|x64
		{BECBBD7C-D1C0-4225-8FCC-768AF9579DC9}.Debug|x64.Build.0 = Debug|x64
		{BECBBD7C-D1C0-4225-8FCC-768AF9579DC9}.Debug|x86.ActiveCfg = Debug|Win32
		{BECBBD7C-D1C0-4225-8FCC-768AF9579DC9}.Debug|x86.Build.0 = Debug|Win32
		{BECBBD7C-D1C0-4225-8FCC-768AF9579DC9}.Release|x64.ActiveCfg = Release|x64
		{BECBBD7C-D1C0-4225-8FCC-768AF9579DC9}.Release|x64.Build.0 = Release|x64
		{BECBBD7C-D1C0-4225-8FCC-768AF9579DC9}.Release|x86.ActiveCfg = Release|Win32
		{BECBBD7C-D1C0-4225-8FCC-768AF9579DC9}.Release|x86.Build.0 = Release|Win32
	EndGlobalSection
	GlobalSection(SolutionProperties) = preSolution
		HideSolutionNode = FALSE
	EndGlobalSection
	GlobalSection(ExtensibilityGlobals) = postSolution
		SolutionGuid = {D1519B79-DE4E-4E0E-87F6-EE8C23AC2A19}
	EndGlobalSection
EndGlobal
