
Microsoft Visual Studio Solution File, Format Version 12.00
# Visual Studio 15
VisualStudioVersion = 15.0.27004.2008
MinimumVisualStudioVersion = 10.0.40219.1
Project("{8BC9CEB8-8B4A-11D0-8D11-00A0C91BC942}") = "Birthday Cake", "Birthday Cake\Birthday Cake.vcxproj", "{836C3854-F374-4BB0-8AF0-959118EA485B}"
EndProject
Global
	GlobalSection(SolutionConfigurationPlatforms) = preSolution
		Debug|x64 = Debug|x64
		Debug|x86 = Debug|x86
		Release|x64 = Release|x64
		Release|x86 = Release|x86
	EndGlobalSection
	GlobalSection(ProjectConfigurationPlatforms) = postSolution
		{836C3854-F374-4BB0-8AF0-959118EA485B}.Debug|x64.ActiveCfg = Debug|x64
		{836C3854-F374-4BB0-8AF0-959118EA485B}.Debug|x64.Build.0 = Debug|x64
		{836C3854-F374-4BB0-8AF0-959118EA485B}.Debug|x86.ActiveCfg = Debug|Win32
		{836C3854-F374-4BB0-8AF0-959118EA485B}.Debug|x86.Build.0 = Debug|Win32
		{836C3854-F374-4BB0-8AF0-959118EA485B}.Release|x64.ActiveCfg = Release|x64
		{836C3854-F374-4BB0-8AF0-959118EA485B}.Release|x64.Build.0 = Release|x64
		{836C3854-F374-4BB0-8AF0-959118EA485B}.Release|x86.ActiveCfg = Release|Win32
		{836C3854-F374-4BB0-8AF0-959118EA485B}.Release|x86.Build.0 = Release|Win32
	EndGlobalSection
	GlobalSection(SolutionProperties) = preSolution
		HideSolutionNode = FALSE
	EndGlobalSection
	GlobalSection(ExtensibilityGlobals) = postSolution
		SolutionGuid = {4CEC248B-66C1-4489-B940-FB2E83E44C3C}
	EndGlobalSection
EndGlobal
