
Microsoft Visual Studio Solution File, Format Version 12.00
# Visual Studio 15
VisualStudioVersion = 15.0.27004.2008
MinimumVisualStudioVersion = 10.0.40219.1
Project("{8BC9CEB8-8B4A-11D0-8D11-00A0C91BC942}") = "The Maze Problem", "The Maze Problem\The Maze Problem.vcxproj", "{9BF8DB95-5837-4627-AE7C-F5690BCA2AFF}"
EndProject
Global
	GlobalSection(SolutionConfigurationPlatforms) = preSolution
		Debug|x64 = Debug|x64
		Debug|x86 = Debug|x86
		Release|x64 = Release|x64
		Release|x86 = Release|x86
	EndGlobalSection
	GlobalSection(ProjectConfigurationPlatforms) = postSolution
		{9BF8DB95-5837-4627-AE7C-F5690BCA2AFF}.Debug|x64.ActiveCfg = Debug|x64
		{9BF8DB95-5837-4627-AE7C-F5690BCA2AFF}.Debug|x64.Build.0 = Debug|x64
		{9BF8DB95-5837-4627-AE7C-F5690BCA2AFF}.Debug|x86.ActiveCfg = Debug|Win32
		{9BF8DB95-5837-4627-AE7C-F5690BCA2AFF}.Debug|x86.Build.0 = Debug|Win32
		{9BF8DB95-5837-4627-AE7C-F5690BCA2AFF}.Release|x64.ActiveCfg = Release|x64
		{9BF8DB95-5837-4627-AE7C-F5690BCA2AFF}.Release|x64.Build.0 = Release|x64
		{9BF8DB95-5837-4627-AE7C-F5690BCA2AFF}.Release|x86.ActiveCfg = Release|Win32
		{9BF8DB95-5837-4627-AE7C-F5690BCA2AFF}.Release|x86.Build.0 = Release|Win32
	EndGlobalSection
	GlobalSection(SolutionProperties) = preSolution
		HideSolutionNode = FALSE
	EndGlobalSection
	GlobalSection(ExtensibilityGlobals) = postSolution
		SolutionGuid = {9EAF22AD-644A-4CE6-8CC8-562853FAF417}
	EndGlobalSection
EndGlobal
