
Microsoft Visual Studio Solution File, Format Version 12.00
# Visual Studio 15
VisualStudioVersion = 15.0.27004.2008
MinimumVisualStudioVersion = 10.0.40219.1
Project("{8BC9CEB8-8B4A-11D0-8D11-00A0C91BC942}") = "Catch that Cow", "Catch that Cow\Catch that Cow.vcxproj", "{D285242C-A541-457E-B737-61A2AD57EEA2}"
EndProject
Global
	GlobalSection(SolutionConfigurationPlatforms) = preSolution
		Debug|x64 = Debug|x64
		Debug|x86 = Debug|x86
		Release|x64 = Release|x64
		Release|x86 = Release|x86
	EndGlobalSection
	GlobalSection(ProjectConfigurationPlatforms) = postSolution
		{D285242C-A541-457E-B737-61A2AD57EEA2}.Debug|x64.ActiveCfg = Debug|x64
		{D285242C-A541-457E-B737-61A2AD57EEA2}.Debug|x64.Build.0 = Debug|x64
		{D285242C-A541-457E-B737-61A2AD57EEA2}.Debug|x86.ActiveCfg = Debug|Win32
		{D285242C-A541-457E-B737-61A2AD57EEA2}.Debug|x86.Build.0 = Debug|Win32
		{D285242C-A541-457E-B737-61A2AD57EEA2}.Release|x64.ActiveCfg = Release|x64
		{D285242C-A541-457E-B737-61A2AD57EEA2}.Release|x64.Build.0 = Release|x64
		{D285242C-A541-457E-B737-61A2AD57EEA2}.Release|x86.ActiveCfg = Release|Win32
		{D285242C-A541-457E-B737-61A2AD57EEA2}.Release|x86.Build.0 = Release|Win32
	EndGlobalSection
	GlobalSection(SolutionProperties) = preSolution
		HideSolutionNode = FALSE
	EndGlobalSection
	GlobalSection(ExtensibilityGlobals) = postSolution
		SolutionGuid = {A3FF7CDA-FB06-4532-9A40-F57E4E37E466}
	EndGlobalSection
EndGlobal
