
Microsoft Visual Studio Solution File, Format Version 12.00
# Visual Studio 15
VisualStudioVersion = 15.0.27004.2008
MinimumVisualStudioVersion = 10.0.40219.1
Project("{8BC9CEB8-8B4A-11D0-8D11-00A0C91BC942}") = "Interceptor Missile", "Interceptor Missile\Interceptor Missile.vcxproj", "{DF45235C-D332-48E1-AE42-82065D46000F}"
EndProject
Global
	GlobalSection(SolutionConfigurationPlatforms) = preSolution
		Debug|x64 = Debug|x64
		Debug|x86 = Debug|x86
		Release|x64 = Release|x64
		Release|x86 = Release|x86
	EndGlobalSection
	GlobalSection(ProjectConfigurationPlatforms) = postSolution
		{DF45235C-D332-48E1-AE42-82065D46000F}.Debug|x64.ActiveCfg = Debug|x64
		{DF45235C-D332-48E1-AE42-82065D46000F}.Debug|x64.Build.0 = Debug|x64
		{DF45235C-D332-48E1-AE42-82065D46000F}.Debug|x86.ActiveCfg = Debug|Win32
		{DF45235C-D332-48E1-AE42-82065D46000F}.Debug|x86.Build.0 = Debug|Win32
		{DF45235C-D332-48E1-AE42-82065D46000F}.Release|x64.ActiveCfg = Release|x64
		{DF45235C-D332-48E1-AE42-82065D46000F}.Release|x64.Build.0 = Release|x64
		{DF45235C-D332-48E1-AE42-82065D46000F}.Release|x86.ActiveCfg = Release|Win32
		{DF45235C-D332-48E1-AE42-82065D46000F}.Release|x86.Build.0 = Release|Win32
	EndGlobalSection
	GlobalSection(SolutionProperties) = preSolution
		HideSolutionNode = FALSE
	EndGlobalSection
	GlobalSection(ExtensibilityGlobals) = postSolution
		SolutionGuid = {DF0E2FDF-C402-4994-97C8-4AB440F77A51}
	EndGlobalSection
EndGlobal
