
Microsoft Visual Studio Solution File, Format Version 12.00
# Visual Studio 15
VisualStudioVersion = 15.0.27004.2008
MinimumVisualStudioVersion = 10.0.40219.1
Project("{8BC9CEB8-8B4A-11D0-8D11-00A0C91BC942}") = "151204Deliver Goods", "151204Deliver Goods\151204Deliver Goods.vcxproj", "{8BF4BDB0-A66D-4701-8A32-48E756780FFF}"
EndProject
Global
	GlobalSection(SolutionConfigurationPlatforms) = preSolution
		Debug|x64 = Debug|x64
		Debug|x86 = Debug|x86
		Release|x64 = Release|x64
		Release|x86 = Release|x86
	EndGlobalSection
	GlobalSection(ProjectConfigurationPlatforms) = postSolution
		{8BF4BDB0-A66D-4701-8A32-48E756780FFF}.Debug|x64.ActiveCfg = Debug|x64
		{8BF4BDB0-A66D-4701-8A32-48E756780FFF}.Debug|x64.Build.0 = Debug|x64
		{8BF4BDB0-A66D-4701-8A32-48E756780FFF}.Debug|x86.ActiveCfg = Debug|Win32
		{8BF4BDB0-A66D-4701-8A32-48E756780FFF}.Debug|x86.Build.0 = Debug|Win32
		{8BF4BDB0-A66D-4701-8A32-48E756780FFF}.Release|x64.ActiveCfg = Release|x64
		{8BF4BDB0-A66D-4701-8A32-48E756780FFF}.Release|x64.Build.0 = Release|x64
		{8BF4BDB0-A66D-4701-8A32-48E756780FFF}.Release|x86.ActiveCfg = Release|Win32
		{8BF4BDB0-A66D-4701-8A32-48E756780FFF}.Release|x86.Build.0 = Release|Win32
	EndGlobalSection
	GlobalSection(SolutionProperties) = preSolution
		HideSolutionNode = FALSE
	EndGlobalSection
	GlobalSection(ExtensibilityGlobals) = postSolution
		SolutionGuid = {DDD67338-832D-430E-A61B-2D3ECEFED502}
	EndGlobalSection
EndGlobal
